// !$*UTF8*$!
{
	archiveVersion = 1;
	classes = {
	};
	objectVersion = 55;
	objects = {

/* Begin PBXBuildFile section */
		8923FA1A27E901A3009DE0D9 /* AppDelegate.m in Sources */ = {isa = PBXBuildFile; fileRef = 8923FA1927E901A3009DE0D9 /* AppDelegate.m */; };
		8923FA1D27E901A3009DE0D9 /* SceneDelegate.m in Sources */ = {isa = PBXBuildFile; fileRef = 8923FA1C27E901A3009DE0D9 /* SceneDelegate.m */; };
		8923FA2027E901A3009DE0D9 /* ViewController.m in Sources */ = {isa = PBXBuildFile; fileRef = 8923FA1F27E901A3009DE0D9 /* ViewController.m */; };
		8923FA2327E901A3009DE0D9 /* Main.storyboard in Resources */ = {isa = PBXBuildFile; fileRef = 8923FA2127E901A3009DE0D9 /* Main.storyboard */; };
		8923FA2527E901A4009DE0D9 /* Assets.xcassets in Resources */ = {isa = PBXBuildFile; fileRef = 8923FA2427E901A4009DE0D9 /* Assets.xcassets */; };
		8923FA2827E901A4009DE0D9 /* LaunchScreen.storyboard in Resources */ = {isa = PBXBuildFile; fileRef = 8923FA2627E901A4009DE0D9 /* LaunchScreen.storyboard */; };
		8923FA2B27E901A4009DE0D9 /* main.m in Sources */ = {isa = PBXBuildFile; fileRef = 8923FA2A27E901A4009DE0D9 /* main.m */; };
		8923FA3427E90873009DE0D9 /* Movie.m in Sources */ = {isa = PBXBuildFile; fileRef = 8923FA3327E90873009DE0D9 /* Movie.m */; };
		898B240027EB93070057A109 /* MovieCell.m in Sources */ = {isa = PBXBuildFile; fileRef = 898B23FF27EB93070057A109 /* MovieCell.m */; };
		898B240827EB973C0057A109 /* MovieOverviewCell.m in Sources */ = {isa = PBXBuildFile; fileRef = 898B240727EB973C0057A109 /* MovieOverviewCell.m */; };
		898B240C27EB9C3D0057A109 /* MovieDetailViewController.m in Sources */ = {isa = PBXBuildFile; fileRef = 898B240B27EB9C3D0057A109 /* MovieDetailViewController.m */; };
		89D2017C27EA53FB003AC5CA /* TemporaryMovie.m in Sources */ = {isa = PBXBuildFile; fileRef = 89D2017B27EA53FB003AC5CA /* TemporaryMovie.m */; };
		B195713C27E9400200F9EEE7 /* TMDBService.m in Sources */ = {isa = PBXBuildFile; fileRef = B195713B27E9400200F9EEE7 /* TMDBService.m */; };
/* End PBXBuildFile section */

/* Begin PBXFileReference section */
		8923FA1527E901A3009DE0D9 /* ObjC-TMDB.app */ = {isa = PBXFileReference; explicitFileType = wrapper.application; includeInIndex = 0; path = "ObjC-TMDB.app"; sourceTree = BUILT_PRODUCTS_DIR; };
		8923FA1827E901A3009DE0D9 /* AppDelegate.h */ = {isa = PBXFileReference; lastKnownFileType = sourcecode.c.h; path = AppDelegate.h; sourceTree = "<group>"; };
		8923FA1927E901A3009DE0D9 /* AppDelegate.m */ = {isa = PBXFileReference; lastKnownFileType = sourcecode.c.objc; path = AppDelegate.m; sourceTree = "<group>"; };
		8923FA1B27E901A3009DE0D9 /* SceneDelegate.h */ = {isa = PBXFileReference; lastKnownFileType = sourcecode.c.h; path = SceneDelegate.h; sourceTree = "<group>"; };
		8923FA1C27E901A3009DE0D9 /* SceneDelegate.m */ = {isa = PBXFileReference; lastKnownFileType = sourcecode.c.objc; path = SceneDelegate.m; sourceTree = "<group>"; };
		8923FA1E27E901A3009DE0D9 /* ViewController.h */ = {isa = PBXFileReference; lastKnownFileType = sourcecode.c.h; path = ViewController.h; sourceTree = "<group>"; };
		8923FA1F27E901A3009DE0D9 /* ViewController.m */ = {isa = PBXFileReference; lastKnownFileType = sourcecode.c.objc; path = ViewController.m; sourceTree = "<group>"; };
		8923FA2227E901A3009DE0D9 /* Base */ = {isa = PBXFileReference; lastKnownFileType = file.storyboard; name = Base; path = Base.lproj/Main.storyboard; sourceTree = "<group>"; };
		8923FA2427E901A4009DE0D9 /* Assets.xcassets */ = {isa = PBXFileReference; lastKnownFileType = folder.assetcatalog; path = Assets.xcassets; sourceTree = "<group>"; };
		8923FA2727E901A4009DE0D9 /* Base */ = {isa = PBXFileReference; lastKnownFileType = file.storyboard; name = Base; path = Base.lproj/LaunchScreen.storyboard; sourceTree = "<group>"; };
		8923FA2927E901A4009DE0D9 /* Info.plist */ = {isa = PBXFileReference; lastKnownFileType = text.plist.xml; path = Info.plist; sourceTree = "<group>"; };
		8923FA2A27E901A4009DE0D9 /* main.m */ = {isa = PBXFileReference; lastKnownFileType = sourcecode.c.objc; path = main.m; sourceTree = "<group>"; };
		8923FA3227E9026F009DE0D9 /* Movie.h */ = {isa = PBXFileReference; lastKnownFileType = sourcecode.c.h; path = Movie.h; sourceTree = "<group>"; };
		8923FA3327E90873009DE0D9 /* Movie.m */ = {isa = PBXFileReference; lastKnownFileType = sourcecode.c.objc; path = Movie.m; sourceTree = "<group>"; };
		898B23FE27EB92FD0057A109 /* MovieCell.h */ = {isa = PBXFileReference; lastKnownFileType = sourcecode.c.h; path = MovieCell.h; sourceTree = "<group>"; };
		898B23FF27EB93070057A109 /* MovieCell.m */ = {isa = PBXFileReference; lastKnownFileType = sourcecode.c.objc; path = MovieCell.m; sourceTree = "<group>"; };
		898B240627EB97330057A109 /* MovieOverviewCell.h */ = {isa = PBXFileReference; lastKnownFileType = sourcecode.c.h; path = MovieOverviewCell.h; sourceTree = "<group>"; };
		898B240727EB973C0057A109 /* MovieOverviewCell.m */ = {isa = PBXFileReference; lastKnownFileType = sourcecode.c.objc; path = MovieOverviewCell.m; sourceTree = "<group>"; };
		898B240A27EB9C350057A109 /* MovieDetailViewController.h */ = {isa = PBXFileReference; lastKnownFileType = sourcecode.c.h; path = MovieDetailViewController.h; sourceTree = "<group>"; };
		898B240B27EB9C3D0057A109 /* MovieDetailViewController.m */ = {isa = PBXFileReference; lastKnownFileType = sourcecode.c.objc; path = MovieDetailViewController.m; sourceTree = "<group>"; };
		89D2017A27EA53C2003AC5CA /* TemporaryMovie.h */ = {isa = PBXFileReference; lastKnownFileType = sourcecode.c.h; path = TemporaryMovie.h; sourceTree = "<group>"; };
		89D2017B27EA53FB003AC5CA /* TemporaryMovie.m */ = {isa = PBXFileReference; lastKnownFileType = sourcecode.c.objc; path = TemporaryMovie.m; sourceTree = "<group>"; };
		B195713A27E93BF000F9EEE7 /* TMDBService.h */ = {isa = PBXFileReference; lastKnownFileType = sourcecode.c.h; path = TMDBService.h; sourceTree = "<group>"; };
		B195713B27E9400200F9EEE7 /* TMDBService.m */ = {isa = PBXFileReference; lastKnownFileType = sourcecode.c.objc; path = TMDBService.m; sourceTree = "<group>"; };
/* End PBXFileReference section */

/* Begin PBXFrameworksBuildPhase section */
		8923FA1227E901A3009DE0D9 /* Frameworks */ = {
			isa = PBXFrameworksBuildPhase;
			buildActionMask = 2147483647;
			files = (
			);
			runOnlyForDeploymentPostprocessing = 0;
		};
/* End PBXFrameworksBuildPhase section */

/* Begin PBXGroup section */
		8923FA0C27E901A3009DE0D9 = {
			isa = PBXGroup;
			children = (
				8923FA1727E901A3009DE0D9 /* ObjC-TMDB */,
				8923FA1627E901A3009DE0D9 /* Products */,
			);
			sourceTree = "<group>";
		};
		8923FA1627E901A3009DE0D9 /* Products */ = {
			isa = PBXGroup;
			children = (
				8923FA1527E901A3009DE0D9 /* ObjC-TMDB.app */,
			);
			name = Products;
			sourceTree = "<group>";
		};
		8923FA1727E901A3009DE0D9 /* ObjC-TMDB */ = {
			isa = PBXGroup;
			children = (
				898B23FC27EB92A20057A109 /* Views */,
				8923FA3127E90219009DE0D9 /* Model */,
				8923FA1827E901A3009DE0D9 /* AppDelegate.h */,
				8923FA1927E901A3009DE0D9 /* AppDelegate.m */,
				8923FA1B27E901A3009DE0D9 /* SceneDelegate.h */,
				8923FA1C27E901A3009DE0D9 /* SceneDelegate.m */,
				8923FA1E27E901A3009DE0D9 /* ViewController.h */,
				8923FA1F27E901A3009DE0D9 /* ViewController.m */,
				8923FA2127E901A3009DE0D9 /* Main.storyboard */,
				8923FA2427E901A4009DE0D9 /* Assets.xcassets */,
				8923FA2627E901A4009DE0D9 /* LaunchScreen.storyboard */,
				8923FA2927E901A4009DE0D9 /* Info.plist */,
				8923FA2A27E901A4009DE0D9 /* main.m */,
			);
			path = "ObjC-TMDB";
			sourceTree = "<group>";
		};
		8923FA3127E90219009DE0D9 /* Model */ = {
			isa = PBXGroup;
			children = (
				8923FA3227E9026F009DE0D9 /* Movie.h */,
				8923FA3327E90873009DE0D9 /* Movie.m */,
				B195713A27E93BF000F9EEE7 /* TMDBService.h */,
				B195713B27E9400200F9EEE7 /* TMDBService.m */,
				89D2017A27EA53C2003AC5CA /* TemporaryMovie.h */,
				89D2017B27EA53FB003AC5CA /* TemporaryMovie.m */,
			);
			path = Model;
			sourceTree = "<group>";
		};
		898B23FC27EB92A20057A109 /* Views */ = {
			isa = PBXGroup;
			children = (
				898B240927EB9C280057A109 /* MovieDetailViewController */,
				898B240527EB97280057A109 /* MovieOverviewCell */,
				898B23FD27EB92F20057A109 /* MovieCell */,
			);
			path = Views;
			sourceTree = "<group>";
		};
		898B23FD27EB92F20057A109 /* MovieCell */ = {
			isa = PBXGroup;
			children = (
				898B23FE27EB92FD0057A109 /* MovieCell.h */,
				898B23FF27EB93070057A109 /* MovieCell.m */,
			);
			path = MovieCell;
			sourceTree = "<group>";
		};
		898B240527EB97280057A109 /* MovieOverviewCell */ = {
			isa = PBXGroup;
			children = (
				898B240627EB97330057A109 /* MovieOverviewCell.h */,
				898B240727EB973C0057A109 /* MovieOverviewCell.m */,
			);
			path = MovieOverviewCell;
			sourceTree = "<group>";
		};
		898B240927EB9C280057A109 /* MovieDetailViewController */ = {
			isa = PBXGroup;
			children = (
				898B240A27EB9C350057A109 /* MovieDetailViewController.h */,
				898B240B27EB9C3D0057A109 /* MovieDetailViewController.m */,
			);
			path = MovieDetailViewController;
			sourceTree = "<group>";
		};
/* End PBXGroup section */

/* Begin PBXNativeTarget section */
		8923FA1427E901A3009DE0D9 /* ObjC-TMDB */ = {
			isa = PBXNativeTarget;
			buildConfigurationList = 8923FA2E27E901A4009DE0D9 /* Build configuration list for PBXNativeTarget "ObjC-TMDB" */;
			buildPhases = (
				8923FA1127E901A3009DE0D9 /* Sources */,
				8923FA1227E901A3009DE0D9 /* Frameworks */,
				8923FA1327E901A3009DE0D9 /* Resources */,
			);
			buildRules = (
			);
			dependencies = (
			);
			name = "ObjC-TMDB";
			productName = "ObjC-TMDB";
			productReference = 8923FA1527E901A3009DE0D9 /* ObjC-TMDB.app */;
			productType = "com.apple.product-type.application";
		};
/* End PBXNativeTarget section */

/* Begin PBXProject section */
		8923FA0D27E901A3009DE0D9 /* Project object */ = {
			isa = PBXProject;
			attributes = {
				BuildIndependentTargetsInParallel = 1;
				LastUpgradeCheck = 1330;
				TargetAttributes = {
					8923FA1427E901A3009DE0D9 = {
						CreatedOnToolsVersion = 13.3;
					};
				};
			};
			buildConfigurationList = 8923FA1027E901A3009DE0D9 /* Build configuration list for PBXProject "ObjC-TMDB" */;
			compatibilityVersion = "Xcode 13.0";
			developmentRegion = en;
			hasScannedForEncodings = 0;
			knownRegions = (
				en,
				Base,
			);
			mainGroup = 8923FA0C27E901A3009DE0D9;
			productRefGroup = 8923FA1627E901A3009DE0D9 /* Products */;
			projectDirPath = "";
			projectRoot = "";
			targets = (
				8923FA1427E901A3009DE0D9 /* ObjC-TMDB */,
			);
		};
/* End PBXProject section */

/* Begin PBXResourcesBuildPhase section */
		8923FA1327E901A3009DE0D9 /* Resources */ = {
			isa = PBXResourcesBuildPhase;
			buildActionMask = 2147483647;
			files = (
				8923FA2827E901A4009DE0D9 /* LaunchScreen.storyboard in Resources */,
				8923FA2527E901A4009DE0D9 /* Assets.xcassets in Resources */,
				8923FA2327E901A3009DE0D9 /* Main.storyboard in Resources */,
			);
			runOnlyForDeploymentPostprocessing = 0;
		};
/* End PBXResourcesBuildPhase section */

/* Begin PBXSourcesBuildPhase section */
		8923FA1127E901A3009DE0D9 /* Sources */ = {
			isa = PBXSourcesBuildPhase;
			buildActionMask = 2147483647;
			files = (
				8923FA2027E901A3009DE0D9 /* ViewController.m in Sources */,
				89D2017C27EA53FB003AC5CA /* TemporaryMovie.m in Sources */,
				898B240C27EB9C3D0057A109 /* MovieDetailViewController.m in Sources */,
				8923FA1A27E901A3009DE0D9 /* AppDelegate.m in Sources */,
				8923FA3427E90873009DE0D9 /* Movie.m in Sources */,
				8923FA2B27E901A4009DE0D9 /* main.m in Sources */,
				B195713C27E9400200F9EEE7 /* TMDBService.m in Sources */,
				898B240027EB93070057A109 /* MovieCell.m in Sources */,
				8923FA1D27E901A3009DE0D9 /* SceneDelegate.m in Sources */,
				898B240827EB973C0057A109 /* MovieOverviewCell.m in Sources */,
			);
			runOnlyForDeploymentPostprocessing = 0;
		};
/* End PBXSourcesBuildPhase section */

/* Begin PBXVariantGroup section */
		8923FA2127E901A3009DE0D9 /* Main.storyboard */ = {
			isa = PBXVariantGroup;
			children = (
				8923FA2227E901A3009DE0D9 /* Base */,
			);
			name = Main.storyboard;
			sourceTree = "<group>";
		};
		8923FA2627E901A4009DE0D9 /* LaunchScreen.storyboard */ = {
			isa = PBXVariantGroup;
			children = (
				8923FA2727E901A4009DE0D9 /* Base */,
			);
			name = LaunchScreen.storyboard;
			sourceTree = "<group>";
		};
/* End PBXVariantGroup section */

/* Begin XCBuildConfiguration section */
		8923FA2C27E901A4009DE0D9 /* Debug */ = {
			isa = XCBuildConfiguration;
			buildSettings = {
				ALWAYS_SEARCH_USER_PATHS = NO;
				CLANG_ANALYZER_NONNULL = YES;
				CLANG_ANALYZER_NUMBER_OBJECT_CONVERSION = YES_AGGRESSIVE;
				CLANG_CXX_LANGUAGE_STANDARD = "gnu++17";
				CLANG_ENABLE_MODULES = YES;
				CLANG_ENABLE_OBJC_ARC = YES;
				CLANG_ENABLE_OBJC_WEAK = YES;
				CLANG_WARN_BLOCK_CAPTURE_AUTORELEASING = YES;
				CLANG_WARN_BOOL_CONVERSION = YES;
				CLANG_WARN_COMMA = YES;
				CLANG_WARN_CONSTANT_CONVERSION = YES;
				CLANG_WARN_DEPRECATED_OBJC_IMPLEMENTATIONS = YES;
				CLANG_WARN_DIRECT_OBJC_ISA_USAGE = YES_ERROR;
				CLANG_WARN_DOCUMENTATION_COMMENTS = YES;
				CLANG_WARN_EMPTY_BODY = YES;
				CLANG_WARN_ENUM_CONVERSION = YES;
				CLANG_WARN_INFINITE_RECURSION = YES;
				CLANG_WARN_INT_CONVERSION = YES;
				CLANG_WARN_NON_LITERAL_NULL_CONVERSION = YES;
				CLANG_WARN_OBJC_IMPLICIT_RETAIN_SELF = YES;
				CLANG_WARN_OBJC_LITERAL_CONVERSION = YES;
				CLANG_WARN_OBJC_ROOT_CLASS = YES_ERROR;
				CLANG_WARN_QUOTED_INCLUDE_IN_FRAMEWORK_HEADER = YES;
				CLANG_WARN_RANGE_LOOP_ANALYSIS = YES;
				CLANG_WARN_STRICT_PROTOTYPES = YES;
				CLANG_WARN_SUSPICIOUS_MOVE = YES;
				CLANG_WARN_UNGUARDED_AVAILABILITY = YES_AGGRESSIVE;
				CLANG_WARN_UNREACHABLE_CODE = YES;
				CLANG_WARN__DUPLICATE_METHOD_MATCH = YES;
				COPY_PHASE_STRIP = NO;
				DEBUG_INFORMATION_FORMAT = dwarf;
				ENABLE_STRICT_OBJC_MSGSEND = YES;
				ENABLE_TESTABILITY = YES;
				GCC_C_LANGUAGE_STANDARD = gnu11;
				GCC_DYNAMIC_NO_PIC = NO;
				GCC_NO_COMMON_BLOCKS = YES;
				GCC_OPTIMIZATION_LEVEL = 0;
				GCC_PREPROCESSOR_DEFINITIONS = (
					"DEBUG=1",
					"$(inherited)",
				);
				GCC_WARN_64_TO_32_BIT_CONVERSION = YES;
				GCC_WARN_ABOUT_RETURN_TYPE = YES_ERROR;
				GCC_WARN_UNDECLARED_SELECTOR = YES;
				GCC_WARN_UNINITIALIZED_AUTOS = YES_AGGRESSIVE;
				GCC_WARN_UNUSED_FUNCTION = YES;
				GCC_WARN_UNUSED_VARIABLE = YES;
				IPHONEOS_DEPLOYMENT_TARGET = 15.4;
				MTL_ENABLE_DEBUG_INFO = INCLUDE_SOURCE;
				MTL_FAST_MATH = YES;
				ONLY_ACTIVE_ARCH = YES;
				SDKROOT = iphoneos;
			};
			name = Debug;
		};
		8923FA2D27E901A4009DE0D9 /* Release */ = {
			isa = XCBuildConfiguration;
			buildSettings = {
				ALWAYS_SEARCH_USER_PATHS = NO;
				CLANG_ANALYZER_NONNULL = YES;
				CLANG_ANALYZER_NUMBER_OBJECT_CONVERSION = YES_AGGRESSIVE;
				CLANG_CXX_LANGUAGE_STANDARD = "gnu++17";
				CLANG_ENABLE_MODULES = YES;
				CLANG_ENABLE_OBJC_ARC = YES;
				CLANG_ENABLE_OBJC_WEAK = YES;
				CLANG_WARN_BLOCK_CAPTURE_AUTORELEASING = YES;
				CLANG_WARN_BOOL_CONVERSION = YES;
				CLANG_WARN_COMMA = YES;
				CLANG_WARN_CONSTANT_CONVERSION = YES;
				CLANG_WARN_DEPRECATED_OBJC_IMPLEMENTATIONS = YES;
				CLANG_WARN_DIRECT_OBJC_ISA_USAGE = YES_ERROR;
				CLANG_WARN_DOCUMENTATION_COMMENTS = YES;
				CLANG_WARN_EMPTY_BODY = YES;
				CLANG_WARN_ENUM_CONVERSION = YES;
				CLANG_WARN_INFINITE_RECURSION = YES;
				CLANG_WARN_INT_CONVERSION = YES;
				CLANG_WARN_NON_LITERAL_NULL_CONVERSION = YES;
				CLANG_WARN_OBJC_IMPLICIT_RETAIN_SELF = YES;
				CLANG_WARN_OBJC_LITERAL_CONVERSION = YES;
				CLANG_WARN_OBJC_ROOT_CLASS = YES_ERROR;
				CLANG_WARN_QUOTED_INCLUDE_IN_FRAMEWORK_HEADER = YES;
				CLANG_WARN_RANGE_LOOP_ANALYSIS = YES;
				CLANG_WARN_STRICT_PROTOTYPES = YES;
				CLANG_WARN_SUSPICIOUS_MOVE = YES;
				CLANG_WARN_UNGUARDED_AVAILABILITY = YES_AGGRESSIVE;
				CLANG_WARN_UNREACHABLE_CODE = YES;
				CLANG_WARN__DUPLICATE_METHOD_MATCH = YES;
				COPY_PHASE_STRIP = NO;
				DEBUG_INFORMATION_FORMAT = "dwarf-with-dsym";
				ENABLE_NS_ASSERTIONS = NO;
				ENABLE_STRICT_OBJC_MSGSEND = YES;
				GCC_C_LANGUAGE_STANDARD = gnu11;
				GCC_NO_COMMON_BLOCKS = YES;
				GCC_WARN_64_TO_32_BIT_CONVERSION = YES;
				GCC_WARN_ABOUT_RETURN_TYPE = YES_ERROR;
				GCC_WARN_UNDECLARED_SELECTOR = YES;
				GCC_WARN_UNINITIALIZED_AUTOS = YES_AGGRESSIVE;
				GCC_WARN_UNUSED_FUNCTION = YES;
				GCC_WARN_UNUSED_VARIABLE = YES;
				IPHONEOS_DEPLOYMENT_TARGET = 15.4;
				MTL_ENABLE_DEBUG_INFO = NO;
				MTL_FAST_MATH = YES;
				SDKROOT = iphoneos;
				VALIDATE_PRODUCT = YES;
			};
			name = Release;
		};
		8923FA2F27E901A4009DE0D9 /* Debug */ = {
			isa = XCBuildConfiguration;
			buildSettings = {
				ASSETCATALOG_COMPILER_APPICON_NAME = AppIcon;
				ASSETCATALOG_COMPILER_GLOBAL_ACCENT_COLOR_NAME = AccentColor;
				CODE_SIGN_STYLE = Automatic;
				CURRENT_PROJECT_VERSION = 1;
				DEVELOPMENT_TEAM = 7UW5874D4F;
				GENERATE_INFOPLIST_FILE = YES;
				INFOPLIST_FILE = "ObjC-TMDB/Info.plist";
				INFOPLIST_KEY_UIApplicationSupportsIndirectInputEvents = YES;
				INFOPLIST_KEY_UILaunchStoryboardName = LaunchScreen;
				INFOPLIST_KEY_UIMainStoryboardFile = Main;
				INFOPLIST_KEY_UISupportedInterfaceOrientations_iPad = "UIInterfaceOrientationPortrait UIInterfaceOrientationPortraitUpsideDown UIInterfaceOrientationLandscapeLeft UIInterfaceOrientationLandscapeRight";
				INFOPLIST_KEY_UISupportedInterfaceOrientations_iPhone = "UIInterfaceOrientationPortrait UIInterfaceOrientationLandscapeLeft UIInterfaceOrientationLandscapeRight";
				LD_RUNPATH_SEARCH_PATHS = (
					"$(inherited)",
					"@executable_path/Frameworks",
				);
				MARKETING_VERSION = 1.0;
				PRODUCT_BUNDLE_IDENTIFIER = "com.thaisrfernandes.ObjC-TMDB";
				PRODUCT_NAME = "$(TARGET_NAME)";
				SWIFT_EMIT_LOC_STRINGS = YES;
				TARGETED_DEVICE_FAMILY = "1,2";
			};
			name = Debug;
		};
		8923FA3027E901A4009DE0D9 /* Release */ = {
			isa = XCBuildConfiguration;
			buildSettings = {
				ASSETCATALOG_COMPILER_APPICON_NAME = AppIcon;
				ASSETCATALOG_COMPILER_GLOBAL_ACCENT_COLOR_NAME = AccentColor;
				CODE_SIGN_STYLE = Automatic;
				CURRENT_PROJECT_VERSION = 1;
				DEVELOPMENT_TEAM = 7UW5874D4F;
				GENERATE_INFOPLIST_FILE = YES;
				INFOPLIST_FILE = "ObjC-TMDB/Info.plist";
				INFOPLIST_KEY_UIApplicationSupportsIndirectInputEvents = YES;
				INFOPLIST_KEY_UILaunchStoryboardName = LaunchScreen;
				INFOPLIST_KEY_UIMainStoryboardFile = Main;
				INFOPLIST_KEY_UISupportedInterfaceOrientations_iPad = "UIInterfaceOrientationPortrait UIInterfaceOrientationPortraitUpsideDown UIInterfaceOrientationLandscapeLeft UIInterfaceOrientationLandscapeRight";
				INFOPLIST_KEY_UISupportedInterfaceOrientations_iPhone = "UIInterfaceOrientationPortrait UIInterfaceOrientationLandscapeLeft UIInterfaceOrientationLandscapeRight";
				LD_RUNPATH_SEARCH_PATHS = (
					"$(inherited)",
					"@executable_path/Frameworks",
				);
				MARKETING_VERSION = 1.0;
				PRODUCT_BUNDLE_IDENTIFIER = "com.thaisrfernandes.ObjC-TMDB";
				PRODUCT_NAME = "$(TARGET_NAME)";
				SWIFT_EMIT_LOC_STRINGS = YES;
				TARGETED_DEVICE_FAMILY = "1,2";
			};
			name = Release;
		};
/* End XCBuildConfiguration section */

/* Begin XCConfigurationList section */
		8923FA1027E901A3009DE0D9 /* Build configuration list for PBXProject "ObjC-TMDB" */ = {
			isa = XCConfigurationList;
			buildConfigurations = (
				8923FA2C27E901A4009DE0D9 /* Debug */,
				8923FA2D27E901A4009DE0D9 /* Release */,
			);
			defaultConfigurationIsVisible = 0;
			defaultConfigurationName = Release;
		};
		8923FA2E27E901A4009DE0D9 /* Build configuration list for PBXNativeTarget "ObjC-TMDB" */ = {
			isa = XCConfigurationList;
			buildConfigurations = (
				8923FA2F27E901A4009DE0D9 /* Debug */,
				8923FA3027E901A4009DE0D9 /* Release */,
			);
			defaultConfigurationIsVisible = 0;
			defaultConfigurationName = Release;
		};
/* End XCConfigurationList section */
	};
	rootObject = 8923FA0D27E901A3009DE0D9 /* Project object */;
}
